// !$*UTF8*$!
{
	archiveVersion = 1;
	classes = {
	};
	objectVersion = 46;
	objects = {

/* Begin PBXBuildFile section */
		F91EA444155EAF120021DF42 /* SwipeCellViewController.m in Sources */ = {isa = PBXBuildFile; fileRef = F91EA443155EAF120021DF42 /* SwipeCellViewController.m */; };
		F91EA447155EB1AF0021DF42 /* SwipeCell.m in Sources */ = {isa = PBXBuildFile; fileRef = F91EA446155EB1AF0021DF42 /* SwipeCell.m */; };
		F91FAA8B13D06E76005FD335 /* psyduck.png in Resources */ = {isa = PBXBuildFile; fileRef = F91FAA8A13D06E76005FD335 /* psyduck.png */; };
		F91FAA9113D06EA5005FD335 /* MultiTouchView.m in Sources */ = {isa = PBXBuildFile; fileRef = F91FAA8F13D06EA5005FD335 /* MultiTouchView.m */; };
		F91FAA9213D06EA5005FD335 /* MultiTouchView.xib in Resources */ = {isa = PBXBuildFile; fileRef = F91FAA9013D06EA5005FD335 /* MultiTouchView.xib */; };
		F91FAA9613D0706F005FD335 /* InfoViewController.m in Sources */ = {isa = PBXBuildFile; fileRef = F91FAA9413D0706F005FD335 /* InfoViewController.m */; };
		F91FAA9713D0706F005FD335 /* InfoViewController.xib in Resources */ = {isa = PBXBuildFile; fileRef = F91FAA9513D0706F005FD335 /* InfoViewController.xib */; };
		F9423B0E152DDE8800BA963D /* EventKitViewController.m in Sources */ = {isa = PBXBuildFile; fileRef = F9423B0D152DDE8800BA963D /* EventKitViewController.m */; };
		F9423B11152DDF2000BA963D /* EventKit.framework in Frameworks */ = {isa = PBXBuildFile; fileRef = F9423B0F152DDF2000BA963D /* EventKit.framework */; };
		F9423B12152DDF2000BA963D /* EventKitUI.framework in Frameworks */ = {isa = PBXBuildFile; fileRef = F9423B10152DDF2000BA963D /* EventKitUI.framework */; };
		F982EC7413D0404200005941 /* UIKit.framework in Frameworks */ = {isa = PBXBuildFile; fileRef = F982EC7313D0404200005941 /* UIKit.framework */; };
		F982EC7613D0404200005941 /* Foundation.framework in Frameworks */ = {isa = PBXBuildFile; fileRef = F982EC7513D0404200005941 /* Foundation.framework */; };
		F982EC7813D0404200005941 /* CoreGraphics.framework in Frameworks */ = {isa = PBXBuildFile; fileRef = F982EC7713D0404200005941 /* CoreGraphics.framework */; };
		F982EC7E13D0404200005941 /* InfoPlist.strings in Resources */ = {isa = PBXBuildFile; fileRef = F982EC7C13D0404200005941 /* InfoPlist.strings */; };
		F982EC8013D0404200005941 /* main.m in Sources */ = {isa = PBXBuildFile; fileRef = F982EC7F13D0404200005941 /* main.m */; };
		F982EC8413D0404200005941 /* TestAppAppDelegate.m in Sources */ = {isa = PBXBuildFile; fileRef = F982EC8313D0404200005941 /* TestAppAppDelegate.m */; };
		F982EC8713D0404200005941 /* MasterViewController.m in Sources */ = {isa = PBXBuildFile; fileRef = F982EC8613D0404200005941 /* MasterViewController.m */; };
		F982EC8D13D0404200005941 /* MasterViewController.xib in Resources */ = {isa = PBXBuildFile; fileRef = F982EC8B13D0404200005941 /* MasterViewController.xib */; };
		F982EC9813D0404200005941 /* SenTestingKit.framework in Frameworks */ = {isa = PBXBuildFile; fileRef = F982EC9713D0404200005941 /* SenTestingKit.framework */; };
		F982EC9913D0404200005941 /* UIKit.framework in Frameworks */ = {isa = PBXBuildFile; fileRef = F982EC7313D0404200005941 /* UIKit.framework */; };
		F982EC9A13D0404200005941 /* Foundation.framework in Frameworks */ = {isa = PBXBuildFile; fileRef = F982EC7513D0404200005941 /* Foundation.framework */; };
		F982EC9B13D0404200005941 /* CoreGraphics.framework in Frameworks */ = {isa = PBXBuildFile; fileRef = F982EC7713D0404200005941 /* CoreGraphics.framework */; };
		F982ECA313D0404200005941 /* InfoPlist.strings in Resources */ = {isa = PBXBuildFile; fileRef = F982ECA113D0404200005941 /* InfoPlist.strings */; };
		F982ECA513D0404200005941 /* TestAppTests.h in Resources */ = {isa = PBXBuildFile; fileRef = F982ECA413D0404200005941 /* TestAppTests.h */; };
		F982ECA713D0404200005941 /* TestAppTests.m in Sources */ = {isa = PBXBuildFile; fileRef = F982ECA613D0404200005941 /* TestAppTests.m */; };
		F982ECB113D0414200005941 /* README.md in Resources */ = {isa = PBXBuildFile; fileRef = F982ECB013D0414200005941 /* README.md */; };
		F982ECBB13D0680900005941 /* TilingViewController.m in Sources */ = {isa = PBXBuildFile; fileRef = F982ECB713D0680900005941 /* TilingViewController.m */; };
		F982ECBC13D0680900005941 /* TilingViewController.xib in Resources */ = {isa = PBXBuildFile; fileRef = F982ECB813D0680900005941 /* TilingViewController.xib */; };
		F982ECBD13D0680900005941 /* TileView.m in Sources */ = {isa = PBXBuildFile; fileRef = F982ECBA13D0680900005941 /* TileView.m */; };
		F982ECBF13D0689F00005941 /* QuartzCore.framework in Frameworks */ = {isa = PBXBuildFile; fileRef = F982ECBE13D0689F00005941 /* QuartzCore.framework */; };
		F982ECC313D0699500005941 /* coffee_square.png in Resources */ = {isa = PBXBuildFile; fileRef = F982ECC213D0699500005941 /* coffee_square.png */; };
		F98C6030149FBEC3009FD564 /* FontViewController.m in Sources */ = {isa = PBXBuildFile; fileRef = F98C602E149FBEC3009FD564 /* FontViewController.m */; };
		F98C6031149FBEC3009FD564 /* FontViewController.xib in Resources */ = {isa = PBXBuildFile; fileRef = F98C602F149FBEC3009FD564 /* FontViewController.xib */; };
		F98C603C14A09FF7009FD564 /* FontPreviewViewController.m in Sources */ = {isa = PBXBuildFile; fileRef = F98C603A14A09FF7009FD564 /* FontPreviewViewController.m */; };
		F98C603D14A09FF7009FD564 /* FontPreviewViewController.xib in Resources */ = {isa = PBXBuildFile; fileRef = F98C603B14A09FF7009FD564 /* FontPreviewViewController.xib */; };
		F98EDCAD155ED07800022D3A /* SwipeCellContentView.xib in Resources */ = {isa = PBXBuildFile; fileRef = F98EDCAC155ED07800022D3A /* SwipeCellContentView.xib */; };
		F98EDCB0155ED18C00022D3A /* SwipeCellSwipeView.xib in Resources */ = {isa = PBXBuildFile; fileRef = F98EDCAF155ED18C00022D3A /* SwipeCellSwipeView.xib */; };
		F99C32871545DDBE000BC1FF /* PullToRefresh.m in Sources */ = {isa = PBXBuildFile; fileRef = F99C32861545DDBE000BC1FF /* PullToRefresh.m */; };
		F9BEC16D13D07CA400FB38FE /* LICENSE.txt in Resources */ = {isa = PBXBuildFile; fileRef = F9BEC16C13D07CA400FB38FE /* LICENSE.txt */; };
		F9BEDED613D30621002D2A28 /* CoreGraphicsExample.m in Sources */ = {isa = PBXBuildFile; fileRef = F9BEDED513D30621002D2A28 /* CoreGraphicsExample.m */; };
		F9BEDEDD13D30706002D2A28 /* CoreGraphicsView.m in Sources */ = {isa = PBXBuildFile; fileRef = F9BEDEDC13D30706002D2A28 /* CoreGraphicsView.m */; };
		F9C8588313D860B60001623E /* LazyTable.m in Sources */ = {isa = PBXBuildFile; fileRef = F9C8588213D860B60001623E /* LazyTable.m */; };
		F9DD2C9713D0793C0099EB49 /* TableView.m in Sources */ = {isa = PBXBuildFile; fileRef = F9DD2C9513D0793C0099EB49 /* TableView.m */; };
		F9DD2C9813D0793C0099EB49 /* TableView.xib in Resources */ = {isa = PBXBuildFile; fileRef = F9DD2C9613D0793C0099EB49 /* TableView.xib */; };
		F9DD2C9B13D079490099EB49 /* Common.m in Sources */ = {isa = PBXBuildFile; fileRef = F9DD2C9A13D079490099EB49 /* Common.m */; };
		F9DD2C9E13D07A7A0099EB49 /* CustomCellBackground.m in Sources */ = {isa = PBXBuildFile; fileRef = F9DD2C9D13D07A7A0099EB49 /* CustomCellBackground.m */; };
		F9DD2CA013D07AF40099EB49 /* carbon_fibre_v2.png in Resources */ = {isa = PBXBuildFile; fileRef = F9DD2C9F13D07AF40099EB49 /* carbon_fibre_v2.png */; };
/* End PBXBuildFile section */

/* Begin PBXContainerItemProxy section */
		F982EC9C13D0404200005941 /* PBXContainerItemProxy */ = {
			isa = PBXContainerItemProxy;
			containerPortal = F982EC6613D0404200005941 /* Project object */;
			proxyType = 1;
			remoteGlobalIDString = F982EC6E13D0404200005941;
			remoteInfo = TestApp;
		};
/* End PBXContainerItemProxy section */

/* Begin PBXFileReference section */
		F91EA442155EAF120021DF42 /* SwipeCellViewController.h */ = {isa = PBXFileReference; fileEncoding = 4; lastKnownFileType = sourcecode.c.h; path = SwipeCellViewController.h; sourceTree = "<group>"; };
		F91EA443155EAF120021DF42 /* SwipeCellViewController.m */ = {isa = PBXFileReference; fileEncoding = 4; lastKnownFileType = sourcecode.c.objc; path = SwipeCellViewController.m; sourceTree = "<group>"; };
		F91EA445155EB1AF0021DF42 /* SwipeCell.h */ = {isa = PBXFileReference; fileEncoding = 4; lastKnownFileType = sourcecode.c.h; path = SwipeCell.h; sourceTree = "<group>"; };
		F91EA446155EB1AF0021DF42 /* SwipeCell.m */ = {isa = PBXFileReference; fileEncoding = 4; lastKnownFileType = sourcecode.c.objc; path = SwipeCell.m; sourceTree = "<group>"; };
		F91FAA8A13D06E76005FD335 /* psyduck.png */ = {isa = PBXFileReference; lastKnownFileType = image.png; path = psyduck.png; sourceTree = "<group>"; };
		F91FAA8E13D06EA5005FD335 /* MultiTouchView.h */ = {isa = PBXFileReference; fileEncoding = 4; lastKnownFileType = sourcecode.c.h; path = MultiTouchView.h; sourceTree = "<group>"; };
		F91FAA8F13D06EA5005FD335 /* MultiTouchView.m */ = {isa = PBXFileReference; fileEncoding = 4; lastKnownFileType = sourcecode.c.objc; path = MultiTouchView.m; sourceTree = "<group>"; };
		F91FAA9013D06EA5005FD335 /* MultiTouchView.xib */ = {isa = PBXFileReference; fileEncoding = 4; lastKnownFileType = file.xib; path = MultiTouchView.xib; sourceTree = "<group>"; };
		F91FAA9313D0706F005FD335 /* InfoViewController.h */ = {isa = PBXFileReference; fileEncoding = 4; lastKnownFileType = sourcecode.c.h; path = InfoViewController.h; sourceTree = "<group>"; };
		F91FAA9413D0706F005FD335 /* InfoViewController.m */ = {isa = PBXFileReference; fileEncoding = 4; lastKnownFileType = sourcecode.c.objc; path = InfoViewController.m; sourceTree = "<group>"; };
		F91FAA9513D0706F005FD335 /* InfoViewController.xib */ = {isa = PBXFileReference; fileEncoding = 4; lastKnownFileType = file.xib; path = InfoViewController.xib; sourceTree = "<group>"; };
		F9423B0C152DDE8800BA963D /* EventKitViewController.h */ = {isa = PBXFileReference; fileEncoding = 4; lastKnownFileType = sourcecode.c.h; path = EventKitViewController.h; sourceTree = "<group>"; };
		F9423B0D152DDE8800BA963D /* EventKitViewController.m */ = {isa = PBXFileReference; fileEncoding = 4; lastKnownFileType = sourcecode.c.objc; path = EventKitViewController.m; sourceTree = "<group>"; };
		F9423B0F152DDF2000BA963D /* EventKit.framework */ = {isa = PBXFileReference; lastKnownFileType = wrapper.framework; name = EventKit.framework; path = System/Library/Frameworks/EventKit.framework; sourceTree = SDKROOT; };
		F9423B10152DDF2000BA963D /* EventKitUI.framework */ = {isa = PBXFileReference; lastKnownFileType = wrapper.framework; name = EventKitUI.framework; path = System/Library/Frameworks/EventKitUI.framework; sourceTree = SDKROOT; };
		F982EC6F13D0404200005941 /* TestApp.app */ = {isa = PBXFileReference; explicitFileType = wrapper.application; includeInIndex = 0; path = TestApp.app; sourceTree = BUILT_PRODUCTS_DIR; };
		F982EC7313D0404200005941 /* UIKit.framework */ = {isa = PBXFileReference; lastKnownFileType = wrapper.framework; name = UIKit.framework; path = System/Library/Frameworks/UIKit.framework; sourceTree = SDKROOT; };
		F982EC7513D0404200005941 /* Foundation.framework */ = {isa = PBXFileReference; lastKnownFileType = wrapper.framework; name = Foundation.framework; path = System/Library/Frameworks/Foundation.framework; sourceTree = SDKROOT; };
		F982EC7713D0404200005941 /* CoreGraphics.framework */ = {isa = PBXFileReference; lastKnownFileType = wrapper.framework; name = CoreGraphics.framework; path = System/Library/Frameworks/CoreGraphics.framework; sourceTree = SDKROOT; };
		F982EC7B13D0404200005941 /* TestApp-Info.plist */ = {isa = PBXFileReference; lastKnownFileType = text.plist.xml; path = "TestApp-Info.plist"; sourceTree = "<group>"; };
		F982EC7D13D0404200005941 /* en */ = {isa = PBXFileReference; lastKnownFileType = text.plist.strings; name = en; path = en.lproj/InfoPlist.strings; sourceTree = "<group>"; };
		F982EC7F13D0404200005941 /* main.m */ = {isa = PBXFileReference; lastKnownFileType = sourcecode.c.objc; path = main.m; sourceTree = "<group>"; };
		F982EC8113D0404200005941 /* TestApp-Prefix.pch */ = {isa = PBXFileReference; lastKnownFileType = sourcecode.c.h; path = "TestApp-Prefix.pch"; sourceTree = "<group>"; };
		F982EC8213D0404200005941 /* TestAppAppDelegate.h */ = {isa = PBXFileReference; lastKnownFileType = sourcecode.c.h; path = TestAppAppDelegate.h; sourceTree = "<group>"; };
		F982EC8313D0404200005941 /* TestAppAppDelegate.m */ = {isa = PBXFileReference; lastKnownFileType = sourcecode.c.objc; path = TestAppAppDelegate.m; sourceTree = "<group>"; };
		F982EC8513D0404200005941 /* MasterViewController.h */ = {isa = PBXFileReference; lastKnownFileType = sourcecode.c.h; path = MasterViewController.h; sourceTree = "<group>"; };
		F982EC8613D0404200005941 /* MasterViewController.m */ = {isa = PBXFileReference; lastKnownFileType = sourcecode.c.objc; path = MasterViewController.m; sourceTree = "<group>"; };
		F982EC8C13D0404200005941 /* en */ = {isa = PBXFileReference; lastKnownFileType = file.xib; name = en; path = en.lproj/MasterViewController.xib; sourceTree = "<group>"; };
		F982EC9613D0404200005941 /* TestAppTests.octest */ = {isa = PBXFileReference; explicitFileType = wrapper.cfbundle; includeInIndex = 0; path = TestAppTests.octest; sourceTree = BUILT_PRODUCTS_DIR; };
		F982EC9713D0404200005941 /* SenTestingKit.framework */ = {isa = PBXFileReference; lastKnownFileType = wrapper.framework; name = SenTestingKit.framework; path = Library/Frameworks/SenTestingKit.framework; sourceTree = DEVELOPER_DIR; };
		F982ECA013D0404200005941 /* TestAppTests-Info.plist */ = {isa = PBXFileReference; lastKnownFileType = text.plist.xml; path = "TestAppTests-Info.plist"; sourceTree = "<group>"; };
		F982ECA213D0404200005941 /* en */ = {isa = PBXFileReference; lastKnownFileType = text.plist.strings; name = en; path = en.lproj/InfoPlist.strings; sourceTree = "<group>"; };
		F982ECA413D0404200005941 /* TestAppTests.h */ = {isa = PBXFileReference; lastKnownFileType = sourcecode.c.h; path = TestAppTests.h; sourceTree = "<group>"; };
		F982ECA613D0404200005941 /* TestAppTests.m */ = {isa = PBXFileReference; lastKnownFileType = sourcecode.c.objc; path = TestAppTests.m; sourceTree = "<group>"; };
		F982ECB013D0414200005941 /* README.md */ = {isa = PBXFileReference; fileEncoding = 4; lastKnownFileType = text; name = README.md; path = ../README.md; sourceTree = "<group>"; };
		F982ECB613D0680900005941 /* TilingViewController.h */ = {isa = PBXFileReference; fileEncoding = 4; lastKnownFileType = sourcecode.c.h; path = TilingViewController.h; sourceTree = "<group>"; };
		F982ECB713D0680900005941 /* TilingViewController.m */ = {isa = PBXFileReference; fileEncoding = 4; lastKnownFileType = sourcecode.c.objc; path = TilingViewController.m; sourceTree = "<group>"; };
		F982ECB813D0680900005941 /* TilingViewController.xib */ = {isa = PBXFileReference; fileEncoding = 4; lastKnownFileType = file.xib; path = TilingViewController.xib; sourceTree = "<group>"; };
		F982ECB913D0680900005941 /* TileView.h */ = {isa = PBXFileReference; fileEncoding = 4; lastKnownFileType = sourcecode.c.h; path = TileView.h; sourceTree = "<group>"; };
		F982ECBA13D0680900005941 /* TileView.m */ = {isa = PBXFileReference; fileEncoding = 4; lastKnownFileType = sourcecode.c.objc; path = TileView.m; sourceTree = "<group>"; };
		F982ECBE13D0689F00005941 /* QuartzCore.framework */ = {isa = PBXFileReference; lastKnownFileType = wrapper.framework; name = QuartzCore.framework; path = System/Library/Frameworks/QuartzCore.framework; sourceTree = SDKROOT; };
		F982ECC213D0699500005941 /* coffee_square.png */ = {isa = PBXFileReference; lastKnownFileType = image.png; path = coffee_square.png; sourceTree = "<group>"; };
		F98C602D149FBEC3009FD564 /* FontViewController.h */ = {isa = PBXFileReference; fileEncoding = 4; lastKnownFileType = sourcecode.c.h; path = FontViewController.h; sourceTree = "<group>"; };
		F98C602E149FBEC3009FD564 /* FontViewController.m */ = {isa = PBXFileReference; fileEncoding = 4; lastKnownFileType = sourcecode.c.objc; path = FontViewController.m; sourceTree = "<group>"; };
		F98C602F149FBEC3009FD564 /* FontViewController.xib */ = {isa = PBXFileReference; fileEncoding = 4; lastKnownFileType = file.xib; path = FontViewController.xib; sourceTree = "<group>"; };
		F98C603914A09FF7009FD564 /* FontPreviewViewController.h */ = {isa = PBXFileReference; fileEncoding = 4; lastKnownFileType = sourcecode.c.h; path = FontPreviewViewController.h; sourceTree = "<group>"; };
		F98C603A14A09FF7009FD564 /* FontPreviewViewController.m */ = {isa = PBXFileReference; fileEncoding = 4; lastKnownFileType = sourcecode.c.objc; path = FontPreviewViewController.m; sourceTree = "<group>"; };
		F98C603B14A09FF7009FD564 /* FontPreviewViewController.xib */ = {isa = PBXFileReference; fileEncoding = 4; lastKnownFileType = file.xib; path = FontPreviewViewController.xib; sourceTree = "<group>"; };
		F98EDCAC155ED07800022D3A /* SwipeCellContentView.xib */ = {isa = PBXFileReference; fileEncoding = 4; lastKnownFileType = file.xib; path = SwipeCellContentView.xib; sourceTree = "<group>"; };
		F98EDCAF155ED18C00022D3A /* SwipeCellSwipeView.xib */ = {isa = PBXFileReference; fileEncoding = 4; lastKnownFileType = file.xib; path = SwipeCellSwipeView.xib; sourceTree = "<group>"; };
		F99C32851545DDBE000BC1FF /* PullToRefresh.h */ = {isa = PBXFileReference; fileEncoding = 4; lastKnownFileType = sourcecode.c.h; path = PullToRefresh.h; sourceTree = "<group>"; };
		F99C32861545DDBE000BC1FF /* PullToRefresh.m */ = {isa = PBXFileReference; fileEncoding = 4; lastKnownFileType = sourcecode.c.objc; path = PullToRefresh.m; sourceTree = "<group>"; };
		F9BEC16C13D07CA400FB38FE /* LICENSE.txt */ = {isa = PBXFileReference; fileEncoding = 4; lastKnownFileType = text; path = LICENSE.txt; sourceTree = "<group>"; };
		F9BEDED413D30621002D2A28 /* CoreGraphicsExample.h */ = {isa = PBXFileReference; fileEncoding = 4; lastKnownFileType = sourcecode.c.h; path = CoreGraphicsExample.h; sourceTree = "<group>"; };
		F9BEDED513D30621002D2A28 /* CoreGraphicsExample.m */ = {isa = PBXFileReference; fileEncoding = 4; lastKnownFileType = sourcecode.c.objc; path = CoreGraphicsExample.m; sourceTree = "<group>"; };
		F9BEDEDB13D30706002D2A28 /* CoreGraphicsView.h */ = {isa = PBXFileReference; fileEncoding = 4; lastKnownFileType = sourcecode.c.h; path = CoreGraphicsView.h; sourceTree = "<group>"; };
		F9BEDEDC13D30706002D2A28 /* CoreGraphicsView.m */ = {isa = PBXFileReference; fileEncoding = 4; lastKnownFileType = sourcecode.c.objc; path = CoreGraphicsView.m; sourceTree = "<group>"; };
		F9C8588113D860B60001623E /* LazyTable.h */ = {isa = PBXFileReference; fileEncoding = 4; lastKnownFileType = sourcecode.c.h; path = LazyTable.h; sourceTree = "<group>"; };
		F9C8588213D860B60001623E /* LazyTable.m */ = {isa = PBXFileReference; fileEncoding = 4; lastKnownFileType = sourcecode.c.objc; path = LazyTable.m; sourceTree = "<group>"; };
		F9DD2C9413D0793C0099EB49 /* TableView.h */ = {isa = PBXFileReference; fileEncoding = 4; lastKnownFileType = sourcecode.c.h; path = TableView.h; sourceTree = "<group>"; };
		F9DD2C9513D0793C0099EB49 /* TableView.m */ = {isa = PBXFileReference; fileEncoding = 4; lastKnownFileType = sourcecode.c.objc; path = TableView.m; sourceTree = "<group>"; };
		F9DD2C9613D0793C0099EB49 /* TableView.xib */ = {isa = PBXFileReference; fileEncoding = 4; lastKnownFileType = file.xib; path = TableView.xib; sourceTree = "<group>"; };
		F9DD2C9913D079490099EB49 /* Common.h */ = {isa = PBXFileReference; fileEncoding = 4; lastKnownFileType = sourcecode.c.h; path = Common.h; sourceTree = "<group>"; };
		F9DD2C9A13D079490099EB49 /* Common.m */ = {isa = PBXFileReference; fileEncoding = 4; lastKnownFileType = sourcecode.c.objc; path = Common.m; sourceTree = "<group>"; };
		F9DD2C9C13D07A7A0099EB49 /* CustomCellBackground.h */ = {isa = PBXFileReference; fileEncoding = 4; lastKnownFileType = sourcecode.c.h; path = CustomCellBackground.h; sourceTree = "<group>"; };
		F9DD2C9D13D07A7A0099EB49 /* CustomCellBackground.m */ = {isa = PBXFileReference; fileEncoding = 4; lastKnownFileType = sourcecode.c.objc; path = CustomCellBackground.m; sourceTree = "<group>"; };
		F9DD2C9F13D07AF40099EB49 /* carbon_fibre_v2.png */ = {isa = PBXFileReference; lastKnownFileType = image.png; path = carbon_fibre_v2.png; sourceTree = "<group>"; };
/* End PBXFileReference section */

/* Begin PBXFrameworksBuildPhase section */
		F982EC6C13D0404200005941 /* Frameworks */ = {
			isa = PBXFrameworksBuildPhase;
			buildActionMask = 2147483647;
			files = (
				F9423B11152DDF2000BA963D /* EventKit.framework in Frameworks */,
				F9423B12152DDF2000BA963D /* EventKitUI.framework in Frameworks */,
				F982ECBF13D0689F00005941 /* QuartzCore.framework in Frameworks */,
				F982EC7413D0404200005941 /* UIKit.framework in Frameworks */,
				F982EC7613D0404200005941 /* Foundation.framework in Frameworks */,
				F982EC7813D0404200005941 /* CoreGraphics.framework in Frameworks */,
			);
			runOnlyForDeploymentPostprocessing = 0;
		};
		F982EC9213D0404200005941 /* Frameworks */ = {
			isa = PBXFrameworksBuildPhase;
			buildActionMask = 2147483647;
			files = (
				F982EC9813D0404200005941 /* SenTestingKit.framework in Frameworks */,
				F982EC9913D0404200005941 /* UIKit.framework in Frameworks */,
				F982EC9A13D0404200005941 /* Foundation.framework in Frameworks */,
				F982EC9B13D0404200005941 /* CoreGraphics.framework in Frameworks */,
			);
			runOnlyForDeploymentPostprocessing = 0;
		};
/* End PBXFrameworksBuildPhase section */

/* Begin PBXGroup section */
		F91EA440155EAEEB0021DF42 /* SwipeCell */ = {
			isa = PBXGroup;
			children = (
				F91EA442155EAF120021DF42 /* SwipeCellViewController.h */,
				F91EA443155EAF120021DF42 /* SwipeCellViewController.m */,
				F91EA445155EB1AF0021DF42 /* SwipeCell.h */,
				F91EA446155EB1AF0021DF42 /* SwipeCell.m */,
				F98EDCAC155ED07800022D3A /* SwipeCellContentView.xib */,
				F98EDCAF155ED18C00022D3A /* SwipeCellSwipeView.xib */,
			);
			name = SwipeCell;
			sourceTree = "<group>";
		};
		F91FAA8D13D06E7F005FD335 /* MultiTouch */ = {
			isa = PBXGroup;
			children = (
				F91FAA8E13D06EA5005FD335 /* MultiTouchView.h */,
				F91FAA8F13D06EA5005FD335 /* MultiTouchView.m */,
				F91FAA9013D06EA5005FD335 /* MultiTouchView.xib */,
			);
			name = MultiTouch;
			sourceTree = "<group>";
		};
		F9423B0B152DDE5000BA963D /* EventKitView */ = {
			isa = PBXGroup;
			children = (
				F9423B0C152DDE8800BA963D /* EventKitViewController.h */,
				F9423B0D152DDE8800BA963D /* EventKitViewController.m */,
			);
			name = EventKitView;
			sourceTree = "<group>";
		};
		F982EC6413D0404200005941 = {
			isa = PBXGroup;
			children = (
				F982EC7913D0404200005941 /* TestApp */,
				F982EC9E13D0404200005941 /* TestAppTests */,
				F982EC7213D0404200005941 /* Frameworks */,
				F982EC7013D0404200005941 /* Products */,
			);
			sourceTree = "<group>";
		};
		F982EC7013D0404200005941 /* Products */ = {
			isa = PBXGroup;
			children = (
				F982EC6F13D0404200005941 /* TestApp.app */,
				F982EC9613D0404200005941 /* TestAppTests.octest */,
			);
			name = Products;
			sourceTree = "<group>";
		};
		F982EC7213D0404200005941 /* Frameworks */ = {
			isa = PBXGroup;
			children = (
				F9423B0F152DDF2000BA963D /* EventKit.framework */,
				F9423B10152DDF2000BA963D /* EventKitUI.framework */,
				F982ECBE13D0689F00005941 /* QuartzCore.framework */,
				F982EC7313D0404200005941 /* UIKit.framework */,
				F982EC7513D0404200005941 /* Foundation.framework */,
				F982EC7713D0404200005941 /* CoreGraphics.framework */,
				F982EC9713D0404200005941 /* SenTestingKit.framework */,
			);
			name = Frameworks;
			sourceTree = "<group>";
		};
		F982EC7913D0404200005941 /* TestApp */ = {
			isa = PBXGroup;
			children = (
				F98C602B149FBE85009FD564 /* Font */,
				F9C8587F13D860990001623E /* LazyTable */,
				F9BEDECE13D305F2002D2A28 /* CoreGraphics */,
				F9DD2C9213D078F20099EB49 /* TableView */,
				F91FAA8D13D06E7F005FD335 /* MultiTouch */,
				F982ECC413D06A8800005941 /* TilingScrollView */,
				F9423B0B152DDE5000BA963D /* EventKitView */,
				F99C32831545DD91000BC1FF /* PullToRefresh */,
				F91EA440155EAEEB0021DF42 /* SwipeCell */,
				F982EC8213D0404200005941 /* TestAppAppDelegate.h */,
				F982EC8313D0404200005941 /* TestAppAppDelegate.m */,
				F982EC8513D0404200005941 /* MasterViewController.h */,
				F982EC8613D0404200005941 /* MasterViewController.m */,
				F982EC8B13D0404200005941 /* MasterViewController.xib */,
				F91FAA9313D0706F005FD335 /* InfoViewController.h */,
				F91FAA9413D0706F005FD335 /* InfoViewController.m */,
				F91FAA9513D0706F005FD335 /* InfoViewController.xib */,
				F982EC7A13D0404200005941 /* Supporting Files */,
			);
			path = TestApp;
			sourceTree = "<group>";
		};
		F982EC7A13D0404200005941 /* Supporting Files */ = {
			isa = PBXGroup;
			children = (
				F9BEC16C13D07CA400FB38FE /* LICENSE.txt */,
				F9DD2C9F13D07AF40099EB49 /* carbon_fibre_v2.png */,
				F91FAA8A13D06E76005FD335 /* psyduck.png */,
				F982ECC213D0699500005941 /* coffee_square.png */,
				F982ECB013D0414200005941 /* README.md */,
				F982EC7B13D0404200005941 /* TestApp-Info.plist */,
				F982EC7C13D0404200005941 /* InfoPlist.strings */,
				F982EC7F13D0404200005941 /* main.m */,
				F982EC8113D0404200005941 /* TestApp-Prefix.pch */,
			);
			name = "Supporting Files";
			sourceTree = "<group>";
		};
		F982EC9E13D0404200005941 /* TestAppTests */ = {
			isa = PBXGroup;
			children = (
				F982ECA413D0404200005941 /* TestAppTests.h */,
				F982ECA613D0404200005941 /* TestAppTests.m */,
				F982EC9F13D0404200005941 /* Supporting Files */,
			);
			path = TestAppTests;
			sourceTree = "<group>";
		};
		F982EC9F13D0404200005941 /* Supporting Files */ = {
			isa = PBXGroup;
			children = (
				F982ECA013D0404200005941 /* TestAppTests-Info.plist */,
				F982ECA113D0404200005941 /* InfoPlist.strings */,
			);
			name = "Supporting Files";
			sourceTree = "<group>";
		};
		F982ECC413D06A8800005941 /* TilingScrollView */ = {
			isa = PBXGroup;
			children = (
				F982ECB613D0680900005941 /* TilingViewController.h */,
				F982ECB713D0680900005941 /* TilingViewController.m */,
				F982ECB813D0680900005941 /* TilingViewController.xib */,
				F982ECB913D0680900005941 /* TileView.h */,
				F982ECBA13D0680900005941 /* TileView.m */,
			);
			name = TilingScrollView;
			sourceTree = "<group>";
		};
		F98C602B149FBE85009FD564 /* Font */ = {
			isa = PBXGroup;
			children = (
				F98C602D149FBEC3009FD564 /* FontViewController.h */,
				F98C602E149FBEC3009FD564 /* FontViewController.m */,
				F98C602F149FBEC3009FD564 /* FontViewController.xib */,
				F98C603914A09FF7009FD564 /* FontPreviewViewController.h */,
				F98C603A14A09FF7009FD564 /* FontPreviewViewController.m */,
				F98C603B14A09FF7009FD564 /* FontPreviewViewController.xib */,
			);
			name = Font;
			sourceTree = "<group>";
		};
		F99C32831545DD91000BC1FF /* PullToRefresh */ = {
			isa = PBXGroup;
			children = (
				F99C32851545DDBE000BC1FF /* PullToRefresh.h */,
				F99C32861545DDBE000BC1FF /* PullToRefresh.m */,
			);
			name = PullToRefresh;
			sourceTree = "<group>";
		};
		F9BEDECE13D305F2002D2A28 /* CoreGraphics */ = {
			isa = PBXGroup;
			children = (
				F9BEDED413D30621002D2A28 /* CoreGraphicsExample.h */,
				F9BEDED513D30621002D2A28 /* CoreGraphicsExample.m */,
				F9BEDEDB13D30706002D2A28 /* CoreGraphicsView.h */,
				F9BEDEDC13D30706002D2A28 /* CoreGraphicsView.m */,
			);
			name = CoreGraphics;
			sourceTree = "<group>";
		};
		F9C8587F13D860990001623E /* LazyTable */ = {
			isa = PBXGroup;
			children = (
				F9C8588113D860B60001623E /* LazyTable.h */,
				F9C8588213D860B60001623E /* LazyTable.m */,
			);
			name = LazyTable;
			sourceTree = "<group>";
		};
		F9DD2C9213D078F20099EB49 /* TableView */ = {
			isa = PBXGroup;
			children = (
				F9DD2C9C13D07A7A0099EB49 /* CustomCellBackground.h */,
				F9DD2C9D13D07A7A0099EB49 /* CustomCellBackground.m */,
				F9DD2C9913D079490099EB49 /* Common.h */,
				F9DD2C9A13D079490099EB49 /* Common.m */,
				F9DD2C9413D0793C0099EB49 /* TableView.h */,
				F9DD2C9513D0793C0099EB49 /* TableView.m */,
				F9DD2C9613D0793C0099EB49 /* TableView.xib */,
			);
			name = TableView;
			sourceTree = "<group>";
		};
/* End PBXGroup section */

/* Begin PBXNativeTarget section */
		F982EC6E13D0404200005941 /* TestApp */ = {
			isa = PBXNativeTarget;
			buildConfigurationList = F982ECAA13D0404200005941 /* Build configuration list for PBXNativeTarget "TestApp" */;
			buildPhases = (
				F982EC6B13D0404200005941 /* Sources */,
				F982EC6C13D0404200005941 /* Frameworks */,
				F982EC6D13D0404200005941 /* Resources */,
			);
			buildRules = (
			);
			dependencies = (
			);
			name = TestApp;
			productName = TestApp;
			productReference = F982EC6F13D0404200005941 /* TestApp.app */;
			productType = "com.apple.product-type.application";
		};
		F982EC9513D0404200005941 /* TestAppTests */ = {
			isa = PBXNativeTarget;
			buildConfigurationList = F982ECAD13D0404200005941 /* Build configuration list for PBXNativeTarget "TestAppTests" */;
			buildPhases = (
				F982EC9113D0404200005941 /* Sources */,
				F982EC9213D0404200005941 /* Frameworks */,
				F982EC9313D0404200005941 /* Resources */,
				F982EC9413D0404200005941 /* ShellScript */,
			);
			buildRules = (
			);
			dependencies = (
				F982EC9D13D0404200005941 /* PBXTargetDependency */,
			);
			name = TestAppTests;
			productName = TestAppTests;
			productReference = F982EC9613D0404200005941 /* TestAppTests.octest */;
			productType = "com.apple.product-type.bundle";
		};
/* End PBXNativeTarget section */

/* Begin PBXProject section */
		F982EC6613D0404200005941 /* Project object */ = {
			isa = PBXProject;
			attributes = {
				LastUpgradeCheck = 0430;
			};
			buildConfigurationList = F982EC6913D0404200005941 /* Build configuration list for PBXProject "TestApp" */;
			compatibilityVersion = "Xcode 3.2";
			developmentRegion = English;
			hasScannedForEncodings = 0;
			knownRegions = (
				en,
			);
			mainGroup = F982EC6413D0404200005941;
			productRefGroup = F982EC7013D0404200005941 /* Products */;
			projectDirPath = "";
			projectRoot = "";
			targets = (
				F982EC6E13D0404200005941 /* TestApp */,
				F982EC9513D0404200005941 /* TestAppTests */,
			);
		};
/* End PBXProject section */

/* Begin PBXResourcesBuildPhase section */
		F982EC6D13D0404200005941 /* Resources */ = {
			isa = PBXResourcesBuildPhase;
			buildActionMask = 2147483647;
			files = (
				F982EC7E13D0404200005941 /* InfoPlist.strings in Resources */,
				F982EC8D13D0404200005941 /* MasterViewController.xib in Resources */,
				F982ECB113D0414200005941 /* README.md in Resources */,
				F982ECBC13D0680900005941 /* TilingViewController.xib in Resources */,
				F982ECC313D0699500005941 /* coffee_square.png in Resources */,
				F91FAA8B13D06E76005FD335 /* psyduck.png in Resources */,
				F91FAA9213D06EA5005FD335 /* MultiTouchView.xib in Resources */,
				F91FAA9713D0706F005FD335 /* InfoViewController.xib in Resources */,
				F9DD2C9813D0793C0099EB49 /* TableView.xib in Resources */,
				F9DD2CA013D07AF40099EB49 /* carbon_fibre_v2.png in Resources */,
				F9BEC16D13D07CA400FB38FE /* LICENSE.txt in Resources */,
				F98C6031149FBEC3009FD564 /* FontViewController.xib in Resources */,
				F98C603D14A09FF7009FD564 /* FontPreviewViewController.xib in Resources */,
				F98EDCAD155ED07800022D3A /* SwipeCellContentView.xib in Resources */,
				F98EDCB0155ED18C00022D3A /* SwipeCellSwipeView.xib in Resources */,
			);
			runOnlyForDeploymentPostprocessing = 0;
		};
		F982EC9313D0404200005941 /* Resources */ = {
			isa = PBXResourcesBuildPhase;
			buildActionMask = 2147483647;
			files = (
				F982ECA313D0404200005941 /* InfoPlist.strings in Resources */,
				F982ECA513D0404200005941 /* TestAppTests.h in Resources */,
			);
			runOnlyForDeploymentPostprocessing = 0;
		};
/* End PBXResourcesBuildPhase section */

/* Begin PBXShellScriptBuildPhase section */
		F982EC9413D0404200005941 /* ShellScript */ = {
			isa = PBXShellScriptBuildPhase;
			buildActionMask = 2147483647;
			files = (
			);
			inputPaths = (
			);
			outputPaths = (
			);
			runOnlyForDeploymentPostprocessing = 0;
			shellPath = /bin/sh;
			shellScript = "# Run the unit tests in this test bundle.\n\"${SYSTEM_DEVELOPER_DIR}/Tools/RunUnitTests\"\n";
		};
/* End PBXShellScriptBuildPhase section */

/* Begin PBXSourcesBuildPhase section */
		F982EC6B13D0404200005941 /* Sources */ = {
			isa = PBXSourcesBuildPhase;
			buildActionMask = 2147483647;
			files = (
				F982EC8013D0404200005941 /* main.m in Sources */,
				F982EC8413D0404200005941 /* TestAppAppDelegate.m in Sources */,
				F982EC8713D0404200005941 /* MasterViewController.m in Sources */,
				F982ECBB13D0680900005941 /* TilingViewController.m in Sources */,
				F982ECBD13D0680900005941 /* TileView.m in Sources */,
				F91FAA9113D06EA5005FD335 /* MultiTouchView.m in Sources */,
				F91FAA9613D0706F005FD335 /* InfoViewController.m in Sources */,
				F9DD2C9713D0793C0099EB49 /* TableView.m in Sources */,
				F9DD2C9B13D079490099EB49 /* Common.m in Sources */,
				F9DD2C9E13D07A7A0099EB49 /* CustomCellBackground.m in Sources */,
				F9BEDED613D30621002D2A28 /* CoreGraphicsExample.m in Sources */,
				F9BEDEDD13D30706002D2A28 /* CoreGraphicsView.m in Sources */,
				F9C8588313D860B60001623E /* LazyTable.m in Sources */,
				F98C6030149FBEC3009FD564 /* FontViewController.m in Sources */,
				F98C603C14A09FF7009FD564 /* FontPreviewViewController.m in Sources */,
				F9423B0E152DDE8800BA963D /* EventKitViewController.m in Sources */,
				F99C32871545DDBE000BC1FF /* PullToRefresh.m in Sources */,
				F91EA444155EAF120021DF42 /* SwipeCellViewController.m in Sources */,
				F91EA447155EB1AF0021DF42 /* SwipeCell.m in Sources */,
			);
			runOnlyForDeploymentPostprocessing = 0;
		};
		F982EC9113D0404200005941 /* Sources */ = {
			isa = PBXSourcesBuildPhase;
			buildActionMask = 2147483647;
			files = (
				F982ECA713D0404200005941 /* TestAppTests.m in Sources */,
			);
			runOnlyForDeploymentPostprocessing = 0;
		};
/* End PBXSourcesBuildPhase section */

/* Begin PBXTargetDependency section */
		F982EC9D13D0404200005941 /* PBXTargetDependency */ = {
			isa = PBXTargetDependency;
			target = F982EC6E13D0404200005941 /* TestApp */;
			targetProxy = F982EC9C13D0404200005941 /* PBXContainerItemProxy */;
		};
/* End PBXTargetDependency section */

/* Begin PBXVariantGroup section */
		F982EC7C13D0404200005941 /* InfoPlist.strings */ = {
			isa = PBXVariantGroup;
			children = (
				F982EC7D13D0404200005941 /* en */,
			);
			name = InfoPlist.strings;
			sourceTree = "<group>";
		};
		F982EC8B13D0404200005941 /* MasterViewController.xib */ = {
			isa = PBXVariantGroup;
			children = (
				F982EC8C13D0404200005941 /* en */,
			);
			name = MasterViewController.xib;
			sourceTree = "<group>";
		};
		F982ECA113D0404200005941 /* InfoPlist.strings */ = {
			isa = PBXVariantGroup;
			children = (
				F982ECA213D0404200005941 /* en */,
			);
			name = InfoPlist.strings;
			sourceTree = "<group>";
		};
/* End PBXVariantGroup section */

/* Begin XCBuildConfiguration section */
		F982ECA813D0404200005941 /* Debug */ = {
			isa = XCBuildConfiguration;
			buildSettings = {
				ALWAYS_SEARCH_USER_PATHS = NO;
				ARCHS = "$(ARCHS_STANDARD_32_BIT)";
				CLANG_ENABLE_OBJC_ARC = YES;
				"CODE_SIGN_IDENTITY[sdk=iphoneos*]" = "iPhone Developer";
				COPY_PHASE_STRIP = NO;
				GCC_C_LANGUAGE_STANDARD = gnu99;
				GCC_DYNAMIC_NO_PIC = NO;
				GCC_OPTIMIZATION_LEVEL = 0;
				GCC_PREPROCESSOR_DEFINITIONS = (
					"DEBUG=1",
					"$(inherited)",
				);
				GCC_SYMBOLS_PRIVATE_EXTERN = NO;
				GCC_VERSION = com.apple.compilers.llvm.clang.1_0;
				GCC_WARN_ABOUT_MISSING_PROTOTYPES = YES;
				GCC_WARN_ABOUT_RETURN_TYPE = YES;
				GCC_WARN_UNUSED_VARIABLE = YES;
				IPHONEOS_DEPLOYMENT_TARGET = 5.0;
				SDKROOT = iphoneos;
			};
			name = Debug;
		};
		F982ECA913D0404200005941 /* Release */ = {
			isa = XCBuildConfiguration;
			buildSettings = {
				ALWAYS_SEARCH_USER_PATHS = NO;
				ARCHS = "$(ARCHS_STANDARD_32_BIT)";
				CLANG_ENABLE_OBJC_ARC = YES;
				"CODE_SIGN_IDENTITY[sdk=iphoneos*]" = "iPhone Developer";
				COPY_PHASE_STRIP = YES;
				GCC_C_LANGUAGE_STANDARD = gnu99;
				GCC_VERSION = com.apple.compilers.llvm.clang.1_0;
				GCC_WARN_ABOUT_MISSING_PROTOTYPES = YES;
				GCC_WARN_ABOUT_RETURN_TYPE = YES;
				GCC_WARN_UNUSED_VARIABLE = YES;
				IPHONEOS_DEPLOYMENT_TARGET = 5.0;
				OTHER_CFLAGS = "-DNS_BLOCK_ASSERTIONS=1";
				SDKROOT = iphoneos;
				VALIDATE_PRODUCT = YES;
			};
			name = Release;
		};
		F982ECAB13D0404200005941 /* Debug */ = {
			isa = XCBuildConfiguration;
			buildSettings = {
				GCC_PRECOMPILE_PREFIX_HEADER = YES;
				GCC_PREFIX_HEADER = "TestApp/TestApp-Prefix.pch";
				INFOPLIST_FILE = "TestApp/TestApp-Info.plist";
				PRODUCT_NAME = "$(TARGET_NAME)";
				WRAPPER_EXTENSION = app;
			};
			name = Debug;
		};
		F982ECAC13D0404200005941 /* Release */ = {
			isa = XCBuildConfiguration;
			buildSettings = {
				GCC_PRECOMPILE_PREFIX_HEADER = YES;
				GCC_PREFIX_HEADER = "TestApp/TestApp-Prefix.pch";
				INFOPLIST_FILE = "TestApp/TestApp-Info.plist";
				PRODUCT_NAME = "$(TARGET_NAME)";
				WRAPPER_EXTENSION = app;
			};
			name = Release;
		};
		F982ECAE13D0404200005941 /* Debug */ = {
			isa = XCBuildConfiguration;
			buildSettings = {
				BUNDLE_LOADER = "$(BUILT_PRODUCTS_DIR)/TestApp.app/TestApp";
				FRAMEWORK_SEARCH_PATHS = (
					"$(SDKROOT)/Developer/Library/Frameworks",
					"$(DEVELOPER_LIBRARY_DIR)/Frameworks",
				);
				GCC_PRECOMPILE_PREFIX_HEADER = YES;
				GCC_PREFIX_HEADER = "TestApp/TestApp-Prefix.pch";
				INFOPLIST_FILE = "TestAppTests/TestAppTests-Info.plist";
				PRODUCT_NAME = "$(TARGET_NAME)";
				TEST_HOST = "$(BUNDLE_LOADER)";
				WRAPPER_EXTENSION = octest;
			};
			name = Debug;
		};
		F982ECAF13D0404200005941 /* Release */ = {
			isa = XCBuildConfiguration;
			buildSettings = {
				BUNDLE_LOADER = "$(BUILT_PRODUCTS_DIR)/TestApp.app/TestApp";
				FRAMEWORK_SEARCH_PATHS = (
					"$(SDKROOT)/Developer/Library/Frameworks",
					"$(DEVELOPER_LIBRARY_DIR)/Frameworks",
				);
				GCC_PRECOMPILE_PREFIX_HEADER = YES;
				GCC_PREFIX_HEADER = "TestApp/TestApp-Prefix.pch";
				INFOPLIST_FILE = "TestAppTests/TestAppTests-Info.plist";
				PRODUCT_NAME = "$(TARGET_NAME)";
				TEST_HOST = "$(BUNDLE_LOADER)";
				WRAPPER_EXTENSION = octest;
			};
			name = Release;
		};
/* End XCBuildConfiguration section */

/* Begin XCConfigurationList section */
		F982EC6913D0404200005941 /* Build configuration list for PBXProject "TestApp" */ = {
			isa = XCConfigurationList;
			buildConfigurations = (
				F982ECA813D0404200005941 /* Debug */,
				F982ECA913D0404200005941 /* Release */,
			);
			defaultConfigurationIsVisible = 0;
			defaultConfigurationName = Release;
		};
		F982ECAA13D0404200005941 /* Build configuration list for PBXNativeTarget "TestApp" */ = {
			isa = XCConfigurationList;
			buildConfigurations = (
				F982ECAB13D0404200005941 /* Debug */,
				F982ECAC13D0404200005941 /* Release */,
			);
			defaultConfigurationIsVisible = 0;
			defaultConfigurationName = Release;
		};
		F982ECAD13D0404200005941 /* Build configuration list for PBXNativeTarget "TestAppTests" */ = {
			isa = XCConfigurationList;
			buildConfigurations = (
				F982ECAE13D0404200005941 /* Debug */,
				F982ECAF13D0404200005941 /* Release */,
			);
			defaultConfigurationIsVisible = 0;
			defaultConfigurationName = Release;
		};
/* End XCConfigurationList section */
	};
	rootObject = F982EC6613D0404200005941 /* Project object */;
}
